
Microsoft Visual Studio Solution File, Format Version 10.00
# Visual Studio 2008
Project("{8BC9CEB8-8B4A-11D0-8D11-00A0C91BC942}") = "OpenGL-1.1", "OpenGL-1.1\OpenGL-1.1.vcproj", "{25176BF9-01D1-4ECE-87BB-A961E0BF4C18}"
EndProject
Global
	GlobalSection(SolutionConfigurationPlatforms) = preSolution
		Debug|Win32 = Debug|Win32
		Release|Win32 = Release|Win32
	EndGlobalSection
	GlobalSection(ProjectConfigurationPlatforms) = postSolution
		{25176BF9-01D1-4ECE-87BB-A961E0BF4C18}.Debug|Win32.ActiveCfg = Debug|Win32
		{25176BF9-01D1-4ECE-87BB-A961E0BF4C18}.Debug|Win32.Build.0 = Debug|Win32
		{25176BF9-01D1-4ECE-87BB-A961E0BF4C18}.Release|Win32.ActiveCfg = Release|Win32
		{25176BF9-01D1-4ECE-87BB-A961E0BF4C18}.Release|Win32.Build.0 = Release|Win32
	EndGlobalSection
	GlobalSection(SolutionProperties) = preSolution
		HideSolutionNode = FALSE
	EndGlobalSection
EndGlobal
