
Microsoft Visual Studio Solution File, Format Version 10.00
# Visual Studio 2008
Project("{8BC9CEB8-8B4A-11D0-8D11-00A0C91BC942}") = "01ErrorCode", "01ErrorCode\01ErrorCode.vcproj", "{8631EF4E-B546-4201-A51C-52C72D7736CE}"
EndProject
Project("{8BC9CEB8-8B4A-11D0-8D11-00A0C91BC942}") = "03Singleton", "03Singleton\03Singleton.vcproj", "{9978E351-F199-4057-B50C-234AC312D1B7}"
EndProject
Project("{8BC9CEB8-8B4A-11D0-8D11-00A0C91BC942}") = "04EnvironmentStrings", "04EnvironmentStrings\04EnvironmentStrings.vcproj", "{A14495EC-E1D2-4D9E-83D1-371E7A3D7CBE}"
EndProject
Project("{8BC9CEB8-8B4A-11D0-8D11-00A0C91BC942}") = "09Queue", "09Queue\09Queue.vcproj", "{0D26CFD3-BCA4-497D-821A-5EFFD75698FA}"
EndProject
Project("{8BC9CEB8-8B4A-11D0-8D11-00A0C91BC942}") = "10FileCopy", "10FileCopy\10FileCopy.vcproj", "{6C1D536B-C50B-4D95-A6E0-07BDE3396551}"
EndProject
Project("{8BC9CEB8-8B4A-11D0-8D11-00A0C91BC942}") = "11Batch", "11Batch\11Batch.vcproj", "{7F0E1BC3-2B6B-4818-87A8-5D0315DEFAE7}"
EndProject
Project("{8BC9CEB8-8B4A-11D0-8D11-00A0C91BC942}") = "14SysInfo", "14SysInfo\14SysInfo.vcproj", "{1DDDADEF-AD7B-4B98-8588-294D3361D33F}"
EndProject
Project("{8BC9CEB8-8B4A-11D0-8D11-00A0C91BC942}") = "17AppInst", "17AppInst\17AppInst.vcproj", "{4DC3AFD5-56CB-49A3-8B33-19AA0568CD59}"
EndProject
Project("{8BC9CEB8-8B4A-11D0-8D11-00A0C91BC942}") = "17FileReverse", "17FileReverse\17FileReverse.vcproj", "{C5488482-95B2-4F1A-AF27-10DFC1B89DA6}"
EndProject
Project("{8BC9CEB8-8B4A-11D0-8D11-00A0C91BC942}") = "20DelayLoadLib", "20DelayLoadLib\20DelayLoadLib.vcproj", "{E7C098DB-2E06-4F34-96C8-C9EADC0782F3}"
EndProject
Project("{8BC9CEB8-8B4A-11D0-8D11-00A0C91BC942}") = "20DelayLoadApp", "20DelayLoadApp\20DelayLoadApp.vcproj", "{2C8BD991-8771-4096-9FED-D09192B90628}"
EndProject
Project("{8BC9CEB8-8B4A-11D0-8D11-00A0C91BC942}") = "22DipsLib", "22DipsLib\22DipsLib.vcproj", "{A5F09CE3-3B78-439E-8C40-0FCE0E6FD8A3}"
EndProject
Project("{8BC9CEB8-8B4A-11D0-8D11-00A0C91BC942}") = "22DipsApp", "22DipsApp\22DipsApp.vcproj", "{B132ABD5-E9CB-40B0-9561-981DA127E00B}"
EndProject
Project("{8BC9CEB8-8B4A-11D0-8D11-00A0C91BC942}") = "22InjLib", "22InjLib\22InjLib.vcproj", "{5E80C079-B828-47E1-A547-9AFA5185C30D}"
EndProject
Project("{8BC9CEB8-8B4A-11D0-8D11-00A0C91BC942}") = "22ImgWalkLib", "22ImgWalkLib\22ImgWalkLib.vcproj", "{5209496C-F933-4FF1-8F89-52466C21EA44}"
EndProject
Project("{8BC9CEB8-8B4A-11D0-8D11-00A0C91BC942}") = "22IATInter", "22IATInter\22IATInter.vcproj", "{352C6E82-FD2F-40C1-84C9-6ED9CAD48EC6}"
EndProject
Global
	GlobalSection(SolutionConfigurationPlatforms) = preSolution
		Debug|Win32 = Debug|Win32
		Debug|x64 = Debug|x64
		Release|Win32 = Release|Win32
		Release|x64 = Release|x64
	EndGlobalSection
	GlobalSection(ProjectConfigurationPlatforms) = postSolution
		{8631EF4E-B546-4201-A51C-52C72D7736CE}.Debug|Win32.ActiveCfg = Debug|Win32
		{8631EF4E-B546-4201-A51C-52C72D7736CE}.Debug|Win32.Build.0 = Debug|Win32
		{8631EF4E-B546-4201-A51C-52C72D7736CE}.Debug|x64.ActiveCfg = Debug|x64
		{8631EF4E-B546-4201-A51C-52C72D7736CE}.Debug|x64.Build.0 = Debug|x64
		{8631EF4E-B546-4201-A51C-52C72D7736CE}.Release|Win32.ActiveCfg = Release|Win32
		{8631EF4E-B546-4201-A51C-52C72D7736CE}.Release|Win32.Build.0 = Release|Win32
		{8631EF4E-B546-4201-A51C-52C72D7736CE}.Release|x64.ActiveCfg = Release|x64
		{8631EF4E-B546-4201-A51C-52C72D7736CE}.Release|x64.Build.0 = Release|x64
		{9978E351-F199-4057-B50C-234AC312D1B7}.Debug|Win32.ActiveCfg = Debug|Win32
		{9978E351-F199-4057-B50C-234AC312D1B7}.Debug|Win32.Build.0 = Debug|Win32
		{9978E351-F199-4057-B50C-234AC312D1B7}.Debug|x64.ActiveCfg = Debug|x64
		{9978E351-F199-4057-B50C-234AC312D1B7}.Debug|x64.Build.0 = Debug|x64
		{9978E351-F199-4057-B50C-234AC312D1B7}.Release|Win32.ActiveCfg = Release|Win32
		{9978E351-F199-4057-B50C-234AC312D1B7}.Release|Win32.Build.0 = Release|Win32
		{9978E351-F199-4057-B50C-234AC312D1B7}.Release|x64.ActiveCfg = Release|x64
		{9978E351-F199-4057-B50C-234AC312D1B7}.Release|x64.Build.0 = Release|x64
		{A14495EC-E1D2-4D9E-83D1-371E7A3D7CBE}.Debug|Win32.ActiveCfg = Debug|Win32
		{A14495EC-E1D2-4D9E-83D1-371E7A3D7CBE}.Debug|Win32.Build.0 = Debug|Win32
		{A14495EC-E1D2-4D9E-83D1-371E7A3D7CBE}.Debug|x64.ActiveCfg = Debug|x64
		{A14495EC-E1D2-4D9E-83D1-371E7A3D7CBE}.Debug|x64.Build.0 = Debug|x64
		{A14495EC-E1D2-4D9E-83D1-371E7A3D7CBE}.Release|Win32.ActiveCfg = Release|Win32
		{A14495EC-E1D2-4D9E-83D1-371E7A3D7CBE}.Release|Win32.Build.0 = Release|Win32
		{A14495EC-E1D2-4D9E-83D1-371E7A3D7CBE}.Release|x64.ActiveCfg = Release|x64
		{A14495EC-E1D2-4D9E-83D1-371E7A3D7CBE}.Release|x64.Build.0 = Release|x64
		{0D26CFD3-BCA4-497D-821A-5EFFD75698FA}.Debug|Win32.ActiveCfg = Debug|Win32
		{0D26CFD3-BCA4-497D-821A-5EFFD75698FA}.Debug|Win32.Build.0 = Debug|Win32
		{0D26CFD3-BCA4-497D-821A-5EFFD75698FA}.Debug|x64.ActiveCfg = Debug|x64
		{0D26CFD3-BCA4-497D-821A-5EFFD75698FA}.Debug|x64.Build.0 = Debug|x64
		{0D26CFD3-BCA4-497D-821A-5EFFD75698FA}.Release|Win32.ActiveCfg = Release|Win32
		{0D26CFD3-BCA4-497D-821A-5EFFD75698FA}.Release|Win32.Build.0 = Release|Win32
		{0D26CFD3-BCA4-497D-821A-5EFFD75698FA}.Release|x64.ActiveCfg = Release|x64
		{0D26CFD3-BCA4-497D-821A-5EFFD75698FA}.Release|x64.Build.0 = Release|x64
		{6C1D536B-C50B-4D95-A6E0-07BDE3396551}.Debug|Win32.ActiveCfg = Debug|Win32
		{6C1D536B-C50B-4D95-A6E0-07BDE3396551}.Debug|Win32.Build.0 = Debug|Win32
		{6C1D536B-C50B-4D95-A6E0-07BDE3396551}.Debug|x64.ActiveCfg = Debug|x64
		{6C1D536B-C50B-4D95-A6E0-07BDE3396551}.Debug|x64.Build.0 = Debug|x64
		{6C1D536B-C50B-4D95-A6E0-07BDE3396551}.Release|Win32.ActiveCfg = Release|Win32
		{6C1D536B-C50B-4D95-A6E0-07BDE3396551}.Release|Win32.Build.0 = Release|Win32
		{6C1D536B-C50B-4D95-A6E0-07BDE3396551}.Release|x64.ActiveCfg = Release|x64
		{6C1D536B-C50B-4D95-A6E0-07BDE3396551}.Release|x64.Build.0 = Release|x64
		{7F0E1BC3-2B6B-4818-87A8-5D0315DEFAE7}.Debug|Win32.ActiveCfg = Debug|Win32
		{7F0E1BC3-2B6B-4818-87A8-5D0315DEFAE7}.Debug|Win32.Build.0 = Debug|Win32
		{7F0E1BC3-2B6B-4818-87A8-5D0315DEFAE7}.Debug|x64.ActiveCfg = Debug|x64
		{7F0E1BC3-2B6B-4818-87A8-5D0315DEFAE7}.Debug|x64.Build.0 = Debug|x64
		{7F0E1BC3-2B6B-4818-87A8-5D0315DEFAE7}.Release|Win32.ActiveCfg = Release|Win32
		{7F0E1BC3-2B6B-4818-87A8-5D0315DEFAE7}.Release|Win32.Build.0 = Release|Win32
		{7F0E1BC3-2B6B-4818-87A8-5D0315DEFAE7}.Release|x64.ActiveCfg = Release|x64
		{7F0E1BC3-2B6B-4818-87A8-5D0315DEFAE7}.Release|x64.Build.0 = Release|x64
		{1DDDADEF-AD7B-4B98-8588-294D3361D33F}.Debug|Win32.ActiveCfg = Debug|Win32
		{1DDDADEF-AD7B-4B98-8588-294D3361D33F}.Debug|Win32.Build.0 = Debug|Win32
		{1DDDADEF-AD7B-4B98-8588-294D3361D33F}.Debug|x64.ActiveCfg = Debug|x64
		{1DDDADEF-AD7B-4B98-8588-294D3361D33F}.Debug|x64.Build.0 = Debug|x64
		{1DDDADEF-AD7B-4B98-8588-294D3361D33F}.Release|Win32.ActiveCfg = Release|Win32
		{1DDDADEF-AD7B-4B98-8588-294D3361D33F}.Release|Win32.Build.0 = Release|Win32
		{1DDDADEF-AD7B-4B98-8588-294D3361D33F}.Release|x64.ActiveCfg = Release|x64
		{1DDDADEF-AD7B-4B98-8588-294D3361D33F}.Release|x64.Build.0 = Release|x64
		{4DC3AFD5-56CB-49A3-8B33-19AA0568CD59}.Debug|Win32.ActiveCfg = Debug|Win32
		{4DC3AFD5-56CB-49A3-8B33-19AA0568CD59}.Debug|Win32.Build.0 = Debug|Win32
		{4DC3AFD5-56CB-49A3-8B33-19AA0568CD59}.Debug|x64.ActiveCfg = Debug|x64
		{4DC3AFD5-56CB-49A3-8B33-19AA0568CD59}.Debug|x64.Build.0 = Debug|x64
		{4DC3AFD5-56CB-49A3-8B33-19AA0568CD59}.Release|Win32.ActiveCfg = Release|Win32
		{4DC3AFD5-56CB-49A3-8B33-19AA0568CD59}.Release|Win32.Build.0 = Release|Win32
		{4DC3AFD5-56CB-49A3-8B33-19AA0568CD59}.Release|x64.ActiveCfg = Release|x64
		{4DC3AFD5-56CB-49A3-8B33-19AA0568CD59}.Release|x64.Build.0 = Release|x64
		{C5488482-95B2-4F1A-AF27-10DFC1B89DA6}.Debug|Win32.ActiveCfg = Debug|Win32
		{C5488482-95B2-4F1A-AF27-10DFC1B89DA6}.Debug|Win32.Build.0 = Debug|Win32
		{C5488482-95B2-4F1A-AF27-10DFC1B89DA6}.Debug|x64.ActiveCfg = Debug|x64
		{C5488482-95B2-4F1A-AF27-10DFC1B89DA6}.Debug|x64.Build.0 = Debug|x64
		{C5488482-95B2-4F1A-AF27-10DFC1B89DA6}.Release|Win32.ActiveCfg = Release|Win32
		{C5488482-95B2-4F1A-AF27-10DFC1B89DA6}.Release|Win32.Build.0 = Release|Win32
		{C5488482-95B2-4F1A-AF27-10DFC1B89DA6}.Release|x64.ActiveCfg = Release|x64
		{C5488482-95B2-4F1A-AF27-10DFC1B89DA6}.Release|x64.Build.0 = Release|x64
		{E7C098DB-2E06-4F34-96C8-C9EADC0782F3}.Debug|Win32.ActiveCfg = Debug|Win32
		{E7C098DB-2E06-4F34-96C8-C9EADC0782F3}.Debug|Win32.Build.0 = Debug|Win32
		{E7C098DB-2E06-4F34-96C8-C9EADC0782F3}.Debug|x64.ActiveCfg = Debug|x64
		{E7C098DB-2E06-4F34-96C8-C9EADC0782F3}.Debug|x64.Build.0 = Debug|x64
		{E7C098DB-2E06-4F34-96C8-C9EADC0782F3}.Release|Win32.ActiveCfg = Release|Win32
		{E7C098DB-2E06-4F34-96C8-C9EADC0782F3}.Release|Win32.Build.0 = Release|Win32
		{E7C098DB-2E06-4F34-96C8-C9EADC0782F3}.Release|x64.ActiveCfg = Release|x64
		{E7C098DB-2E06-4F34-96C8-C9EADC0782F3}.Release|x64.Build.0 = Release|x64
		{2C8BD991-8771-4096-9FED-D09192B90628}.Debug|Win32.ActiveCfg = Debug|Win32
		{2C8BD991-8771-4096-9FED-D09192B90628}.Debug|Win32.Build.0 = Debug|Win32
		{2C8BD991-8771-4096-9FED-D09192B90628}.Debug|x64.ActiveCfg = Debug|x64
		{2C8BD991-8771-4096-9FED-D09192B90628}.Debug|x64.Build.0 = Debug|x64
		{2C8BD991-8771-4096-9FED-D09192B90628}.Release|Win32.ActiveCfg = Release|Win32
		{2C8BD991-8771-4096-9FED-D09192B90628}.Release|Win32.Build.0 = Release|Win32
		{2C8BD991-8771-4096-9FED-D09192B90628}.Release|x64.ActiveCfg = Release|x64
		{2C8BD991-8771-4096-9FED-D09192B90628}.Release|x64.Build.0 = Release|x64
		{A5F09CE3-3B78-439E-8C40-0FCE0E6FD8A3}.Debug|Win32.ActiveCfg = Debug|Win32
		{A5F09CE3-3B78-439E-8C40-0FCE0E6FD8A3}.Debug|Win32.Build.0 = Debug|Win32
		{A5F09CE3-3B78-439E-8C40-0FCE0E6FD8A3}.Debug|x64.ActiveCfg = Debug|x64
		{A5F09CE3-3B78-439E-8C40-0FCE0E6FD8A3}.Debug|x64.Build.0 = Debug|x64
		{A5F09CE3-3B78-439E-8C40-0FCE0E6FD8A3}.Release|Win32.ActiveCfg = Release|Win32
		{A5F09CE3-3B78-439E-8C40-0FCE0E6FD8A3}.Release|Win32.Build.0 = Release|Win32
		{A5F09CE3-3B78-439E-8C40-0FCE0E6FD8A3}.Release|x64.ActiveCfg = Release|x64
		{A5F09CE3-3B78-439E-8C40-0FCE0E6FD8A3}.Release|x64.Build.0 = Release|x64
		{B132ABD5-E9CB-40B0-9561-981DA127E00B}.Debug|Win32.ActiveCfg = Debug|Win32
		{B132ABD5-E9CB-40B0-9561-981DA127E00B}.Debug|Win32.Build.0 = Debug|Win32
		{B132ABD5-E9CB-40B0-9561-981DA127E00B}.Debug|x64.ActiveCfg = Debug|x64
		{B132ABD5-E9CB-40B0-9561-981DA127E00B}.Debug|x64.Build.0 = Debug|x64
		{B132ABD5-E9CB-40B0-9561-981DA127E00B}.Release|Win32.ActiveCfg = Release|Win32
		{B132ABD5-E9CB-40B0-9561-981DA127E00B}.Release|Win32.Build.0 = Release|Win32
		{B132ABD5-E9CB-40B0-9561-981DA127E00B}.Release|x64.ActiveCfg = Release|x64
		{B132ABD5-E9CB-40B0-9561-981DA127E00B}.Release|x64.Build.0 = Release|x64
		{5E80C079-B828-47E1-A547-9AFA5185C30D}.Debug|Win32.ActiveCfg = Debug|Win32
		{5E80C079-B828-47E1-A547-9AFA5185C30D}.Debug|Win32.Build.0 = Debug|Win32
		{5E80C079-B828-47E1-A547-9AFA5185C30D}.Debug|x64.ActiveCfg = Debug|x64
		{5E80C079-B828-47E1-A547-9AFA5185C30D}.Debug|x64.Build.0 = Debug|x64
		{5E80C079-B828-47E1-A547-9AFA5185C30D}.Release|Win32.ActiveCfg = Release|Win32
		{5E80C079-B828-47E1-A547-9AFA5185C30D}.Release|Win32.Build.0 = Release|Win32
		{5E80C079-B828-47E1-A547-9AFA5185C30D}.Release|x64.ActiveCfg = Release|x64
		{5E80C079-B828-47E1-A547-9AFA5185C30D}.Release|x64.Build.0 = Release|x64
		{5209496C-F933-4FF1-8F89-52466C21EA44}.Debug|Win32.ActiveCfg = Debug|Win32
		{5209496C-F933-4FF1-8F89-52466C21EA44}.Debug|Win32.Build.0 = Debug|Win32
		{5209496C-F933-4FF1-8F89-52466C21EA44}.Debug|x64.ActiveCfg = Debug|x64
		{5209496C-F933-4FF1-8F89-52466C21EA44}.Debug|x64.Build.0 = Debug|x64
		{5209496C-F933-4FF1-8F89-52466C21EA44}.Release|Win32.ActiveCfg = Release|Win32
		{5209496C-F933-4FF1-8F89-52466C21EA44}.Release|Win32.Build.0 = Release|Win32
		{5209496C-F933-4FF1-8F89-52466C21EA44}.Release|x64.ActiveCfg = Release|x64
		{5209496C-F933-4FF1-8F89-52466C21EA44}.Release|x64.Build.0 = Release|x64
		{352C6E82-FD2F-40C1-84C9-6ED9CAD48EC6}.Debug|Win32.ActiveCfg = Debug|Win32
		{352C6E82-FD2F-40C1-84C9-6ED9CAD48EC6}.Debug|Win32.Build.0 = Debug|Win32
		{352C6E82-FD2F-40C1-84C9-6ED9CAD48EC6}.Debug|x64.ActiveCfg = Debug|x64
		{352C6E82-FD2F-40C1-84C9-6ED9CAD48EC6}.Debug|x64.Build.0 = Debug|x64
		{352C6E82-FD2F-40C1-84C9-6ED9CAD48EC6}.Release|Win32.ActiveCfg = Release|Win32
		{352C6E82-FD2F-40C1-84C9-6ED9CAD48EC6}.Release|Win32.Build.0 = Release|Win32
		{352C6E82-FD2F-40C1-84C9-6ED9CAD48EC6}.Release|x64.ActiveCfg = Release|x64
		{352C6E82-FD2F-40C1-84C9-6ED9CAD48EC6}.Release|x64.Build.0 = Release|x64
	EndGlobalSection
	GlobalSection(SolutionProperties) = preSolution
		HideSolutionNode = FALSE
	EndGlobalSection
EndGlobal
