
Microsoft Visual Studio Solution File, Format Version 12.00
# Visual Studio Version 17
VisualStudioVersion = 17.6.33712.159
MinimumVisualStudioVersion = 10.0.40219.1
Project("{8BC9CEB8-8B4A-11D0-8D11-00A0C91BC942}") = "GetFinalPathName", "GetFinalPathName.vcxproj", "{65ECBCD0-4FF1-4285-BDDF-2164F959BE70}"
EndProject
Global
	GlobalSection(SolutionConfigurationPlatforms) = preSolution
		Debug|x64 = Debug|x64
		Debug|x86 = Debug|x86
		Release|x64 = Release|x64
		Release|x86 = Release|x86
	EndGlobalSection
	GlobalSection(ProjectConfigurationPlatforms) = postSolution
		{65ECBCD0-4FF1-4285-BDDF-2164F959BE70}.Debug|x64.ActiveCfg = Debug|x64
		{65ECBCD0-4FF1-4285-BDDF-2164F959BE70}.Debug|x64.Build.0 = Debug|x64
		{65ECBCD0-4FF1-4285-BDDF-2164F959BE70}.Debug|x86.ActiveCfg = Debug|Win32
		{65ECBCD0-4FF1-4285-BDDF-2164F959BE70}.Debug|x86.Build.0 = Debug|Win32
		{65ECBCD0-4FF1-4285-BDDF-2164F959BE70}.Release|x64.ActiveCfg = Release|x64
		{65ECBCD0-4FF1-4285-BDDF-2164F959BE70}.Release|x64.Build.0 = Release|x64
		{65ECBCD0-4FF1-4285-BDDF-2164F959BE70}.Release|x86.ActiveCfg = Release|Win32
		{65ECBCD0-4FF1-4285-BDDF-2164F959BE70}.Release|x86.Build.0 = Release|Win32
	EndGlobalSection
	GlobalSection(SolutionProperties) = preSolution
		HideSolutionNode = FALSE
	EndGlobalSection
	GlobalSection(ExtensibilityGlobals) = postSolution
		SolutionGuid = {CAE9AAD9-F033-46EA-878F-C60B118C6D36}
	EndGlobalSection
EndGlobal
