
Microsoft Visual Studio Solution File, Format Version 12.00
# Visual Studio Version 17
VisualStudioVersion = 17.14.36414.22
MinimumVisualStudioVersion = 10.0.40219.1
Project("{FAE04EC0-301F-11D3-BF4B-00C04F79EFBC}") = "RDPPassword", "RDPPassword.csproj", "{9168F7BD-9EAA-40DC-88D8-AD333DD21A49}"
EndProject
Global
	GlobalSection(SolutionConfigurationPlatforms) = preSolution
		Debug|Any CPU = Debug|Any CPU
		Release|Any CPU = Release|Any CPU
	EndGlobalSection
	GlobalSection(ProjectConfigurationPlatforms) = postSolution
		{9168F7BD-9EAA-40DC-88D8-AD333DD21A49}.Debug|Any CPU.ActiveCfg = Debug|Any CPU
		{9168F7BD-9EAA-40DC-88D8-AD333DD21A49}.Debug|Any CPU.Build.0 = Debug|Any CPU
		{9168F7BD-9EAA-40DC-88D8-AD333DD21A49}.Release|Any CPU.ActiveCfg = Release|Any CPU
		{9168F7BD-9EAA-40DC-88D8-AD333DD21A49}.Release|Any CPU.Build.0 = Release|Any CPU
	EndGlobalSection
	GlobalSection(SolutionProperties) = preSolution
		HideSolutionNode = FALSE
	EndGlobalSection
	GlobalSection(ExtensibilityGlobals) = postSolution
		SolutionGuid = {3D2C31AF-5F05-4A1D-8824-1558C0F5921B}
	EndGlobalSection
EndGlobal
